Microsoft Visual Studio Solution File, Format Version 12.00
# Visual Studio Version 17
VisualStudioVersion = 17.5.2.0
MinimumVisualStudioVersion = 10.0.40219.1
Project("{2150E333-8FDC-42A3-9474-1A3956D46DE8}") = "backend", "backend", "{1AE8ACA6-933B-BF2A-3671-3E2EAC007D16}"
EndProject
Project("{2150E333-8FDC-42A3-9474-1A3956D46DE8}") = "src", "src", "{0F9113EE-888A-26D2-68B0-4A7D0A2A8745}"
EndProject
Project("{2150E333-8FDC-42A3-9474-1A3956D46DE8}") = "ast", "ast", "{26696CEF-98F0-40C7-387A-592B528C70F4}"
EndProject
Project("{FAE04EC0-301F-11D3-BF4B-00C04F79EFBC}") = ".fake", "backend\src\ast\antlr-grammars\.fake.csproj", "{5496495D-16C1-4034-1B5D-FB7E21B9FB91}"
EndProject
Project("{2150E333-8FDC-42A3-9474-1A3956D46DE8}") = "antlr-grammars", "antlr-grammars", "{1C4EF712-6C6A-2909-9329-2E9EE3AA533E}"
EndProject
Project("{2150E333-8FDC-42A3-9474-1A3956D46DE8}") = "_scripts", "_scripts", "{4E9DAA67-2828-5359-3354-440A0ACD671B}"
EndProject
Project("{2150E333-8FDC-42A3-9474-1A3956D46DE8}") = "templates", "templates", "{34C22E21-CFD4-9551-36CD-57F747E124A2}"
EndProject
Project("{FAE04EC0-301F-11D3-BF4B-00C04F79EFBC}") = "st.Test", "backend\src\ast\antlr-grammars\_scripts\templates\Antlr4cs\st.Test.csproj", "{191F1B68-81D7-50CD-A21F-E5E7F1D51A04}"
EndProject
Project("{FAE04EC0-301F-11D3-BF4B-00C04F79EFBC}") = "Other", "backend\src\ast\antlr-grammars\_scripts\templates\CSharp\Other.csproj", "{F3B5FDC1-4F52-BCE2-29C3-4FD57CEDD174}"
EndProject
Global
	GlobalSection(SolutionConfigurationPlatforms) = preSolution
		Debug|Any CPU = Debug|Any CPU
		Release|Any CPU = Release|Any CPU
	EndGlobalSection
	GlobalSection(ProjectConfigurationPlatforms) = postSolution
		{5496495D-16C1-4034-1B5D-FB7E21B9FB91}.Debug|Any CPU.ActiveCfg = Debug|Any CPU
		{5496495D-16C1-4034-1B5D-FB7E21B9FB91}.Debug|Any CPU.Build.0 = Debug|Any CPU
		{5496495D-16C1-4034-1B5D-FB7E21B9FB91}.Release|Any CPU.ActiveCfg = Release|Any CPU
		{5496495D-16C1-4034-1B5D-FB7E21B9FB91}.Release|Any CPU.Build.0 = Release|Any CPU
		{191F1B68-81D7-50CD-A21F-E5E7F1D51A04}.Debug|Any CPU.ActiveCfg = Debug|Any CPU
		{191F1B68-81D7-50CD-A21F-E5E7F1D51A04}.Debug|Any CPU.Build.0 = Debug|Any CPU
		{191F1B68-81D7-50CD-A21F-E5E7F1D51A04}.Release|Any CPU.ActiveCfg = Release|Any CPU
		{191F1B68-81D7-50CD-A21F-E5E7F1D51A04}.Release|Any CPU.Build.0 = Release|Any CPU
		{F3B5FDC1-4F52-BCE2-29C3-4FD57CEDD174}.Debug|Any CPU.ActiveCfg = Debug|Any CPU
		{F3B5FDC1-4F52-BCE2-29C3-4FD57CEDD174}.Debug|Any CPU.Build.0 = Debug|Any CPU
		{F3B5FDC1-4F52-BCE2-29C3-4FD57CEDD174}.Release|Any CPU.ActiveCfg = Release|Any CPU
		{F3B5FDC1-4F52-BCE2-29C3-4FD57CEDD174}.Release|Any CPU.Build.0 = Release|Any CPU
	EndGlobalSection
	GlobalSection(SolutionProperties) = preSolution
		HideSolutionNode = FALSE
	EndGlobalSection
	GlobalSection(NestedProjects) = preSolution
		{0F9113EE-888A-26D2-68B0-4A7D0A2A8745} = {1AE8ACA6-933B-BF2A-3671-3E2EAC007D16}
		{26696CEF-98F0-40C7-387A-592B528C70F4} = {0F9113EE-888A-26D2-68B0-4A7D0A2A8745}
		{5496495D-16C1-4034-1B5D-FB7E21B9FB91} = {26696CEF-98F0-40C7-387A-592B528C70F4}
		{1C4EF712-6C6A-2909-9329-2E9EE3AA533E} = {26696CEF-98F0-40C7-387A-592B528C70F4}
		{4E9DAA67-2828-5359-3354-440A0ACD671B} = {1C4EF712-6C6A-2909-9329-2E9EE3AA533E}
		{34C22E21-CFD4-9551-36CD-57F747E124A2} = {4E9DAA67-2828-5359-3354-440A0ACD671B}
		{191F1B68-81D7-50CD-A21F-E5E7F1D51A04} = {34C22E21-CFD4-9551-36CD-57F747E124A2}
		{F3B5FDC1-4F52-BCE2-29C3-4FD57CEDD174} = {34C22E21-CFD4-9551-36CD-57F747E124A2}
	EndGlobalSection
	GlobalSection(ExtensibilityGlobals) = postSolution
		SolutionGuid = {05AEA095-7D59-436C-A7F2-E9CC9D1AF3C2}
	EndGlobalSection
EndGlobal
